
Microsoft Visual Studio Solution File, Format Version 12.00
# Visual Studio Version 16
VisualStudioVersion = 16.0.34729.46
MinimumVisualStudioVersion = 10.0.40219.1
Project("{8BC9CEB8-8B4A-11D0-8D11-00A0C91BC942}") = "SFML_game", "SFML_game.vcxproj", "{4EB51E13-544B-493C-A621-E65CCF309733}"
EndProject
Global
	GlobalSection(SolutionConfigurationPlatforms) = preSolution
		Debug|x64 = Debug|x64
		Debug|x86 = Debug|x86
		Release|x64 = Release|x64
		Release|x86 = Release|x86
	EndGlobalSection
	GlobalSection(ProjectConfigurationPlatforms) = postSolution
		{4EB51E13-544B-493C-A621-E65CCF309733}.Debug|x64.ActiveCfg = Debug|x64
		{4EB51E13-544B-493C-A621-E65CCF309733}.Debug|x64.Build.0 = Debug|x64
		{4EB51E13-544B-493C-A621-E65CCF309733}.Debug|x86.ActiveCfg = Debug|Win32
		{4EB51E13-544B-493C-A621-E65CCF309733}.Debug|x86.Build.0 = Debug|Win32
		{4EB51E13-544B-493C-A621-E65CCF309733}.Release|x64.ActiveCfg = Release|x64
		{4EB51E13-544B-493C-A621-E65CCF309733}.Release|x64.Build.0 = Release|x64
		{4EB51E13-544B-493C-A621-E65CCF309733}.Release|x86.ActiveCfg = Release|Win32
		{4EB51E13-544B-493C-A621-E65CCF309733}.Release|x86.Build.0 = Release|Win32
	EndGlobalSection
	GlobalSection(SolutionProperties) = preSolution
		HideSolutionNode = FALSE
	EndGlobalSection
	GlobalSection(ExtensibilityGlobals) = postSolution
		SolutionGuid = {408384FE-8DF6-4743-86D6-410D34A0D47F}
	EndGlobalSection
EndGlobal
